
Microsoft Visual Studio Solution File, Format Version 12.00
# Visual Studio Version 16
VisualStudioVersion = 16.0.30523.141
MinimumVisualStudioVersion = 10.0.40219.1
Project("{8BC9CEB8-8B4A-11D0-8D11-00A0C91BC942}") = "MuseoVehiculos", "MuseoVehiculos\MuseoVehiculos.vcxproj", "{5CAB0F60-0E8D-45A9-93A8-CA04B0C8650F}"
EndProject
Global
	GlobalSection(SolutionConfigurationPlatforms) = preSolution
		Debug|x64 = Debug|x64
		Debug|x86 = Debug|x86
		Release|x64 = Release|x64
		Release|x86 = Release|x86
	EndGlobalSection
	GlobalSection(ProjectConfigurationPlatforms) = postSolution
		{5CAB0F60-0E8D-45A9-93A8-CA04B0C8650F}.Debug|x64.ActiveCfg = Debug|Win32
		{5CAB0F60-0E8D-45A9-93A8-CA04B0C8650F}.Debug|x64.Build.0 = Debug|Win32
		{5CAB0F60-0E8D-45A9-93A8-CA04B0C8650F}.Debug|x86.ActiveCfg = Debug|Win32
		{5CAB0F60-0E8D-45A9-93A8-CA04B0C8650F}.Debug|x86.Build.0 = Debug|Win32
		{5CAB0F60-0E8D-45A9-93A8-CA04B0C8650F}.Release|x64.ActiveCfg = Release|x64
		{5CAB0F60-0E8D-45A9-93A8-CA04B0C8650F}.Release|x64.Build.0 = Release|x64
		{5CAB0F60-0E8D-45A9-93A8-CA04B0C8650F}.Release|x86.ActiveCfg = Release|Win32
		{5CAB0F60-0E8D-45A9-93A8-CA04B0C8650F}.Release|x86.Build.0 = Release|Win32
	EndGlobalSection
	GlobalSection(SolutionProperties) = preSolution
		HideSolutionNode = FALSE
	EndGlobalSection
	GlobalSection(ExtensibilityGlobals) = postSolution
		SolutionGuid = {521CE0DC-B3A1-4812-BAE0-49B3508C9BCD}
	EndGlobalSection
EndGlobal
